{
  "name": "labelmore-plugin-medical",
  "version": "1.0.1",
  "lockfileVersion": 1,
  "requires": true,
  "dependencies": {
    "@infolks/labelmore-devkit": {
      "version": "1.1.17",
      "resolved": "https://registry.npmjs.org/@infolks/labelmore-devkit/-/labelmore-devkit-1.1.17.tgz",
      "integrity": "sha512-xV9GEX24MNwUgr4keACWO2CAJgZF45ZJic+v0PxGWZXG3Hkh0DdE9HiRPMAenjKip5rheRB/P6cD6RiXBybSSg==",
      "requires": {
        "paper": "0.12.0",
        "vue": "2.6.10",
        "vuex": "3.1.1"
      }
    },
    "@types/node": {
      "version": "12.0.7",
      "resolved": "https://registry.npmjs.org/@types/node/-/node-12.0.7.tgz",
      "integrity": "sha512-1YKeT4JitGgE4SOzyB9eMwO0nGVNkNEsm9qlIt1Lqm/tG2QEiSMTD4kS3aO6L+w5SClLVxALmIBESK6Mk5wX0A==",
      "dev": true
    },
    "paper": {
      "version": "0.12.0",
      "resolved": "https://registry.npmjs.org/paper/-/paper-0.12.0.tgz",
      "integrity": "sha512-J4IgSo9g5hdwqEWJOIrl5l0wu2D4JgJmQ/8c/SO7rLKB5POrT5yxWJmXJJ13s2aIQf/Mx9mlCa866BEpvN+gKw=="
    },
    "typescript": {
      "version": "3.5.1",
      "resolved": "https://registry.npmjs.org/typescript/-/typescript-3.5.1.tgz",
      "integrity": "sha512-64HkdiRv1yYZsSe4xC1WVgamNigVYjlssIoaH2HcZF0+ijsk5YK2g0G34w9wJkze8+5ow4STd22AynfO6ZYYLw==",
      "dev": true
    },
    "vue": {
      "version": "2.6.10",
      "resolved": "https://registry.npmjs.org/vue/-/vue-2.6.10.tgz",
      "integrity": "sha512-ImThpeNU9HbdZL3utgMCq0oiMzAkt1mcgy3/E6zWC/G6AaQoeuFdsl9nDhTDU3X1R6FK7nsIUuRACVcjI+A2GQ=="
    },
    "vuex": {
      "version": "3.1.1",
      "resolved": "https://registry.npmjs.org/vuex/-/vuex-3.1.1.tgz",
      "integrity": "sha512-ER5moSbLZuNSMBFnEBVGhQ1uCBNJslH9W/Dw2W7GZN23UQA69uapP5GTT9Vm8Trc0PzBSVt6LzF3hGjmv41xcg=="
    }
  }
}
